{
  "name": "omi-cohere-stt-bridge",
  "version": "1.0.0",
  "lockfileVersion": 3,
  "requires": true,
  "packages": {
    "": {
      "name": "omi-cohere-stt-bridge",
      "version": "1.0.0",
      "dependencies": {
        "dotenv": "^16.4.7",
        "ws": "^8.18.0"
      }
    },
    "node_modules/dotenv": {
      "version": "16.4.7",
      "resolved": "https://registry.npmjs.org/dotenv/-/dotenv-16.4.7.tgz",
      "integrity": "sha512-47qPd0n6b7UErjAIZtEk2mbutzBgYJ+8r8zNRx7RdZhVJ5+41xQvxaEeN+La5ReJu7tSTyNAi5fVcMLH3g7g5g==",
      "engines": {
        "node": ">=12"
      }
    },
    "node_modules/ws": {
      "version": "8.18.0",
      "resolved": "https://registry.npmjs.org/ws/-/ws-8.18.0.tgz",
      "integrity": "sha512-8VbfWK/pVsqLvHGy6sFzU9SPW2ilF6Kw/oXIIE+4HvP5+mb0g2D+WsI82B5QGA0Iioia/halXiatu/c9sNkzQw==",
      "engines": {
        "node": ">=10.0.0"
      },
      "peerDependencies": {
        "bufferutil": "^4.0.8",
        "utf-8-validate": ">=5.0.2"
      },
      "peerDependenciesMeta": {
        "bufferutil": {
          "optional": true
        },
        "utf-8-validate": {
          "optional": true
        }
      }
    }
  }
}